<?xml version="1.0" encoding="utf-8"?>
<Project ToolsVersion="4.0" xmlns="http://schemas.microsoft.com/developer/msbuild/2003">
  <ItemGroup>
    <ClCompile Include="src\ofApp.cpp">
      <Filter>src</Filter>
    </ClCompile>
    <ClCompile Include="src\main.cpp">
      <Filter>src</Filter>
    </ClCompile>
    <ClCompile Include="..\src\UdpSocket.cpp">
      <Filter>addons\ofxAsio\src</Filter>
    </ClCompile>
    <ClCompile Include="..\src\UdpReceiver.cpp">
      <Filter>addons\ofxAsio\src</Filter>
    </ClCompile>
    <ClCompile Include="..\src\UdpSender.cpp">
      <Filter>addons\ofxAsio\src</Filter>
    </ClCompile>
  </ItemGroup>
  <ItemGroup>
    <Filter Include="src">
      <UniqueIdentifier>{d8376475-7454-4a24-b08a-aac121d3ad6f}</UniqueIdentifier>
    </Filter>
    <Filter Include="addons">
      <UniqueIdentifier>{5dd0b6f5-db0a-49ea-9b69-7efda341e7b0}</UniqueIdentifier>
    </Filter>
    <Filter Include="addons\ofxAsio">
      <UniqueIdentifier>{f27ef7a8-6428-407b-be2a-64e5006d991c}</UniqueIdentifier>
    </Filter>
    <Filter Include="addons\ofxAsio\src">
      <UniqueIdentifier>{623c039c-939f-4280-8896-288d88634fab}</UniqueIdentifier>
    </Filter>
  </ItemGroup>
  <ItemGroup>
    <ClInclude Include="src\ofApp.h">
      <Filter>src</Filter>
    </ClInclude>
    <ClInclude Include="..\src\Datagram.h">
      <Filter>addons\ofxAsio\src</Filter>
    </ClInclude>
    <ClInclude Include="..\src\Endpoint.h">
      <Filter>addons\ofxAsio\src</Filter>
    </ClInclude>
    <ClInclude Include="..\src\ofxAsio.h">
      <Filter>addons\ofxAsio\src</Filter>
    </ClInclude>
    <ClInclude Include="..\src\UdpReceiver.h">
      <Filter>addons\ofxAsio\src</Filter>
    </ClInclude>
    <ClInclude Include="..\src\UdpSender.h">
      <Filter>addons\ofxAsio\src</Filter>
    </ClInclude>
    <ClInclude Include="..\src\UdpSocket.h">
      <Filter>addons\ofxAsio\src</Filter>
    </ClInclude>
  </ItemGroup>
  <ItemGroup>
    <ResourceCompile Include="icon.rc" />
  </ItemGroup>
</Project>