<Project ToolsVersion="4.0" xmlns="http://schemas.microsoft.com/developer/msbuild/2003">
  <ItemGroup>
    <Filter Include="Source Files">
      <UniqueIdentifier>{4FC737F1-C7A5-4376-A066-2A32D752A2FF}</UniqueIdentifier>
      <Extensions>cpp;c;cc;cxx;def;odl;idl;hpj;bat;asm;asmx</Extensions>
    </Filter>
    <Filter Include="Header Files">
      <UniqueIdentifier>{93995380-89BD-4b04-88EB-625FBE52EBFB}</UniqueIdentifier>
      <Extensions>h;hpp;hxx;hm;inl;inc;xsd</Extensions>
    </Filter>
    <Filter Include="Resource Files">
      <UniqueIdentifier>{67DA6AB6-F800-4c08-8B7A-83BB121AAD01}</UniqueIdentifier>
      <Extensions>rc;ico;cur;bmp;dlg;rc2;rct;bin;rgs;gif;jpg;jpeg;jpe;resx;tiff;tif;png;wav</Extensions>
    </Filter>
    <Filter Include="blocks">
      <UniqueIdentifier>{8c84f69b-8f02-44f1-8230-431a645abf01}</UniqueIdentifier>
    </Filter>
    <Filter Include="blocks\sitara-asio">
      <UniqueIdentifier>{4780ae09-d171-41e6-bf81-ba1c09795a90}</UniqueIdentifier>
    </Filter>
    <Filter Include="blocks\sitara-asio\src">
      <UniqueIdentifier>{8cf74441-8d1f-4776-a44f-acff8e1942a7}</UniqueIdentifier>
    </Filter>
    <Filter Include="blocks\sitara-asio\src\udp">
      <UniqueIdentifier>{9a346aa0-99b3-4d16-b727-ea5e56b431d1}</UniqueIdentifier>
    </Filter>
    <Filter Include="blocks\sitara-asio\src\tcp">
      <UniqueIdentifier>{7af9a641-4bd8-4132-9ac4-8762580c3548}</UniqueIdentifier>
    </Filter>
  </ItemGroup>
  <ItemGroup>
    <ClCompile Include="..\..\..\src\udp\UdpReceiver.cpp">
      <Filter>blocks\sitara-asio\src\udp</Filter>
    </ClCompile>
    <ClCompile Include="..\..\..\src\udp\UdpSender.cpp">
      <Filter>blocks\sitara-asio\src\udp</Filter>
    </ClCompile>
    <ClCompile Include="..\..\..\src\udp\UdpSocket.cpp">
      <Filter>blocks\sitara-asio\src\udp</Filter>
    </ClCompile>
    <ClCompile Include="..\..\..\src\tcp\TcpClient.cpp">
      <Filter>blocks\sitara-asio\src\tcp</Filter>
    </ClCompile>
    <ClCompile Include="..\..\..\src\tcp\TcpServer.cpp">
      <Filter>blocks\sitara-asio\src\tcp</Filter>
    </ClCompile>
    <ClCompile Include="..\..\..\src\tcp\TcpSession.cpp">
      <Filter>blocks\sitara-asio\src\tcp</Filter>
    </ClCompile>
    <ClCompile Include="..\..\..\src\tcp\TcpSocket.cpp">
      <Filter>blocks\sitara-asio\src\tcp</Filter>
    </ClCompile>
    <ClCompile Include="..\src\TcpExampleApp.cpp">
      <Filter>Source Files</Filter>
    </ClCompile>
    <ClCompile Include="..\src\TcpExampleApp.cpp">
      <Filter>Source Files</Filter>
    </ClCompile>
  </ItemGroup>
  <ItemGroup>
    <ClInclude Include="..\..\..\src\Asio.h">
      <Filter>blocks\sitara-asio\src</Filter>
    </ClInclude>
    <ClInclude Include="..\..\..\src\Datagram.h">
      <Filter>blocks\sitara-asio\src</Filter>
    </ClInclude>
    <ClInclude Include="..\..\..\src\Endpoint.h">
      <Filter>blocks\sitara-asio\src</Filter>
    </ClInclude>
    <ClInclude Include="..\..\..\src\Osc.h">
      <Filter>blocks\sitara-asio\src</Filter>
    </ClInclude>
    <ClInclude Include="..\..\..\src\Tcp.h">
      <Filter>blocks\sitara-asio\src</Filter>
    </ClInclude>
    <ClInclude Include="..\..\..\src\Udp.h">
      <Filter>blocks\sitara-asio\src</Filter>
    </ClInclude>
    <ClInclude Include="..\..\..\src\udp\UdpReceiver.h">
      <Filter>blocks\sitara-asio\src\udp</Filter>
    </ClInclude>
    <ClInclude Include="..\..\..\src\udp\UdpSender.h">
      <Filter>blocks\sitara-asio\src\udp</Filter>
    </ClInclude>
    <ClInclude Include="..\..\..\src\udp\UdpSocket.h">
      <Filter>blocks\sitara-asio\src\udp</Filter>
    </ClInclude>
    <ClInclude Include="..\..\..\src\tcp\TcpClient.h">
      <Filter>blocks\sitara-asio\src\tcp</Filter>
    </ClInclude>
    <ClInclude Include="..\..\..\src\tcp\TcpServer.h">
      <Filter>blocks\sitara-asio\src\tcp</Filter>
    </ClInclude>
    <ClInclude Include="..\..\..\src\tcp\TcpSession.h">
      <Filter>blocks\sitara-asio\src\tcp</Filter>
    </ClInclude>
    <ClInclude Include="..\..\..\src\tcp\TcpSocket.h">
      <Filter>blocks\sitara-asio\src\tcp</Filter>
    </ClInclude>
    <ClInclude Include="..\include\Resources.h">
      <Filter>Header Files</Filter>
    </ClInclude>
  </ItemGroup>
  <ItemGroup>
    <ResourceCompile Include="Resources.rc">
      <Filter>Resource Files</Filter>
    </ResourceCompile>
  </ItemGroup>
</Project>
